<?xml version="1.0" encoding="utf-8"?>
<Project ToolsVersion="4.0" xmlns="http://schemas.microsoft.com/developer/msbuild/2003">
  <ItemGroup>
    <Filter Include="internal">
      <UniqueIdentifier>{222D348C-0EFA-8E97-3713-7D3F233FC425}</UniqueIdentifier>
    </Filter>
  </ItemGroup>
  <ItemGroup>
    <ClInclude Include="src\TestScript.h" />
    <ClInclude Include="src\internal\ScriptManagerLayer.h">
      <Filter>internal</Filter>
    </ClInclude>
    <ClInclude Include="src\internal\ScriptRegistry.h">
      <Filter>internal</Filter>
    </ClInclude>
  </ItemGroup>
  <ItemGroup>
    <ClCompile Include="src\@venture.cpp" />
  </ItemGroup>
</Project>