<?xml version="1.0" encoding="utf-8"?>
<Project ToolsVersion="4.0" xmlns="http://schemas.microsoft.com/developer/msbuild/2003">
  <ItemGroup>
    <Filter Include="Generated">
      <UniqueIdentifier>{3416FE7D-A080-B2F4-E9BE-639A55689049}</UniqueIdentifier>
    </Filter>
    <Filter Include="Scripts">
      <UniqueIdentifier>{4D6F1AE8-B94E-9983-C266-245A2EC5FFE4}</UniqueIdentifier>
    </Filter>
    <Filter Include="Scripts\Template">
      <UniqueIdentifier>{F8700BBF-E469-2A11-0D9C-0F96F9F3091D}</UniqueIdentifier>
    </Filter>
    <Filter Include="internal">
      <UniqueIdentifier>{222D348C-0EFA-8E97-3713-7D3F233FC425}</UniqueIdentifier>
    </Filter>
    <Filter Include="internal\generated">
      <UniqueIdentifier>{60D0C038-4CB4-818E-B514-7CE1A1176C10}</UniqueIdentifier>
    </Filter>
  </ItemGroup>
  <ItemGroup>
    <ClInclude Include="src\Generated\ScriptIncludes.gen.h">
      <Filter>Generated</Filter>
    </ClInclude>
    <ClInclude Include="src\Scripts\ASCIIBlockDictionary.h">
      <Filter>Scripts</Filter>
    </ClInclude>
    <ClInclude Include="src\Scripts\MapRendererScript.h">
      <Filter>Scripts</Filter>
    </ClInclude>
    <ClInclude Include="src\Scripts\Template\TemplateScript.h">
      <Filter>Scripts\Template</Filter>
    </ClInclude>
    <ClInclude Include="src\internal\BlockData.h">
      <Filter>internal</Filter>
    </ClInclude>
    <ClInclude Include="src\internal\MapToRenderTiles.h">
      <Filter>internal</Filter>
    </ClInclude>
    <ClInclude Include="src\internal\generated\ScriptIncludes.gen.h">
      <Filter>internal\generated</Filter>
    </ClInclude>
  </ItemGroup>
  <ItemGroup>
    <ClCompile Include="src\Scripts\ASCIIBlockDictionary.cpp">
      <Filter>Scripts</Filter>
    </ClCompile>
    <ClCompile Include="src\internal\main.cpp">
      <Filter>internal</Filter>
    </ClCompile>
  </ItemGroup>
</Project>