<?xml version="1.0" encoding="utf-8"?>
<Project ToolsVersion="4.0" xmlns="http://schemas.microsoft.com/developer/msbuild/2003">
  <ItemGroup>
    <Filter Include="src">
      <UniqueIdentifier>{2DAB880B-99B4-887C-2230-9F7C8E38947C}</UniqueIdentifier>
    </Filter>
    <Filter Include="src\Flux">
      <UniqueIdentifier>{7B6C1ECF-6739-79DA-9052-67827C7EAE68}</UniqueIdentifier>
    </Filter>
    <Filter Include="src\Flux\Events">
      <UniqueIdentifier>{FFDF43F6-6B6B-B1BA-747C-34AFE0860DBB}</UniqueIdentifier>
    </Filter>
    <Filter Include="src\Flux\ImGui">
      <UniqueIdentifier>{E511832E-D1DF-7634-BA73-E75AA6E05299}</UniqueIdentifier>
    </Filter>
    <Filter Include="vendor">
      <UniqueIdentifier>{B3738122-9F15-ACF8-88D0-BF4C74113349}</UniqueIdentifier>
    </Filter>
    <Filter Include="vendor\imgui">
      <UniqueIdentifier>{5D3BD0F0-499E-5F95-F223-984BDE652B18}</UniqueIdentifier>
    </Filter>
    <Filter Include="vendor\imgui\backends">
      <UniqueIdentifier>{27CEAEAF-933A-6AAA-5C2E-0208C8598C12}</UniqueIdentifier>
    </Filter>
  </ItemGroup>
  <ItemGroup>
    <ClInclude Include="src\Flux.h">
      <Filter>src</Filter>
    </ClInclude>
    <ClInclude Include="src\Flux\Application.h">
      <Filter>src\Flux</Filter>
    </ClInclude>
    <ClInclude Include="src\Flux\Core.h">
      <Filter>src\Flux</Filter>
    </ClInclude>
    <ClInclude Include="src\Flux\Entity.h">
      <Filter>src\Flux</Filter>
    </ClInclude>
    <ClInclude Include="src\Flux\EntryPoint.h">
      <Filter>src\Flux</Filter>
    </ClInclude>
    <ClInclude Include="src\Flux\Events\ApplicationEvent.h">
      <Filter>src\Flux\Events</Filter>
    </ClInclude>
    <ClInclude Include="src\Flux\Events\Event.h">
      <Filter>src\Flux\Events</Filter>
    </ClInclude>
    <ClInclude Include="src\Flux\Events\KeyEvent.h">
      <Filter>src\Flux\Events</Filter>
    </ClInclude>
    <ClInclude Include="src\Flux\Events\MouseEvent.h">
      <Filter>src\Flux\Events</Filter>
    </ClInclude>
    <ClInclude Include="src\Flux\FileLoader.h">
      <Filter>src\Flux</Filter>
    </ClInclude>
    <ClInclude Include="src\Flux\IScript.h">
      <Filter>src\Flux</Filter>
    </ClInclude>
    <ClInclude Include="src\Flux\ImGui\ImGuiLayer.h">
      <Filter>src\Flux\ImGui</Filter>
    </ClInclude>
    <ClInclude Include="src\Flux\ImGui\ImGuiWrapper.h">
      <Filter>src\Flux\ImGui</Filter>
    </ClInclude>
    <ClInclude Include="src\Flux\Input.h">
      <Filter>src\Flux</Filter>
    </ClInclude>
    <ClInclude Include="src\Flux\KeyCodes.h">
      <Filter>src\Flux</Filter>
    </ClInclude>
    <ClInclude Include="src\Flux\Layer.h">
      <Filter>src\Flux</Filter>
    </ClInclude>
    <ClInclude Include="src\Flux\LayerStack.h">
      <Filter>src\Flux</Filter>
    </ClInclude>
    <ClInclude Include="src\Flux\Log.h">
      <Filter>src\Flux</Filter>
    </ClInclude>
    <ClInclude Include="src\Flux\MouseButtonCodes.h">
      <Filter>src\Flux</Filter>
    </ClInclude>
    <ClInclude Include="src\Flux\ScriptManagerLayer.h">
      <Filter>src\Flux</Filter>
    </ClInclude>
    <ClInclude Include="src\Flux\ScriptRegistry.h">
      <Filter>src\Flux</Filter>
    </ClInclude>
    <ClInclude Include="src\Flux\TileRenderer.h">
      <Filter>src\Flux</Filter>
    </ClInclude>
    <ClInclude Include="src\Flux\Window.h">
      <Filter>src\Flux</Filter>
    </ClInclude>
    <ClInclude Include="src\fxpch.h">
      <Filter>src</Filter>
    </ClInclude>
    <ClInclude Include="vendor\imgui\backends\imgui_impl_glfw.h">
      <Filter>vendor\imgui\backends</Filter>
    </ClInclude>
    <ClInclude Include="vendor\imgui\backends\imgui_impl_opengl3.h">
      <Filter>vendor\imgui\backends</Filter>
    </ClInclude>
    <ClInclude Include="vendor\imgui\imconfig.h">
      <Filter>vendor\imgui</Filter>
    </ClInclude>
    <ClInclude Include="vendor\imgui\imgui.h">
      <Filter>vendor\imgui</Filter>
    </ClInclude>
    <ClInclude Include="vendor\imgui\imgui_internal.h">
      <Filter>vendor\imgui</Filter>
    </ClInclude>
    <ClInclude Include="vendor\imgui\imstb_rectpack.h">
      <Filter>vendor\imgui</Filter>
    </ClInclude>
    <ClInclude Include="vendor\imgui\imstb_textedit.h">
      <Filter>vendor\imgui</Filter>
    </ClInclude>
    <ClInclude Include="vendor\imgui\imstb_truetype.h">
      <Filter>vendor\imgui</Filter>
    </ClInclude>
  </ItemGroup>
  <ItemGroup>
    <ClCompile Include="src\Flux\Application.cpp">
      <Filter>src\Flux</Filter>
    </ClCompile>
    <ClCompile Include="src\Flux\Entity.cpp">
      <Filter>src\Flux</Filter>
    </ClCompile>
    <ClCompile Include="src\Flux\FileLoader.cpp">
      <Filter>src\Flux</Filter>
    </ClCompile>
    <ClCompile Include="src\Flux\IScript.cpp">
      <Filter>src\Flux</Filter>
    </ClCompile>
    <ClCompile Include="src\Flux\ImGui\ImGuiLayer.cpp">
      <Filter>src\Flux\ImGui</Filter>
    </ClCompile>
    <ClCompile Include="src\Flux\ImGui\ImGuiWrapper.cpp">
      <Filter>src\Flux\ImGui</Filter>
    </ClCompile>
    <ClCompile Include="src\Flux\Input.cpp">
      <Filter>src\Flux</Filter>
    </ClCompile>
    <ClCompile Include="src\Flux\Layer.cpp">
      <Filter>src\Flux</Filter>
    </ClCompile>
    <ClCompile Include="src\Flux\LayerStack.cpp">
      <Filter>src\Flux</Filter>
    </ClCompile>
    <ClCompile Include="src\Flux\Log.cpp">
      <Filter>src\Flux</Filter>
    </ClCompile>
    <ClCompile Include="src\Flux\TileRenderer.cpp">
      <Filter>src\Flux</Filter>
    </ClCompile>
    <ClCompile Include="src\Flux\Window.cpp">
      <Filter>src\Flux</Filter>
    </ClCompile>
    <ClCompile Include="src\fxpch.cpp">
      <Filter>src</Filter>
    </ClCompile>
    <ClCompile Include="vendor\imgui\backends\imgui_impl_glfw.cpp">
      <Filter>vendor\imgui\backends</Filter>
    </ClCompile>
    <ClCompile Include="vendor\imgui\backends\imgui_impl_opengl3.cpp">
      <Filter>vendor\imgui\backends</Filter>
    </ClCompile>
    <ClCompile Include="vendor\imgui\imgui.cpp">
      <Filter>vendor\imgui</Filter>
    </ClCompile>
    <ClCompile Include="vendor\imgui\imgui_demo.cpp">
      <Filter>vendor\imgui</Filter>
    </ClCompile>
    <ClCompile Include="vendor\imgui\imgui_draw.cpp">
      <Filter>vendor\imgui</Filter>
    </ClCompile>
    <ClCompile Include="vendor\imgui\imgui_tables.cpp">
      <Filter>vendor\imgui</Filter>
    </ClCompile>
    <ClCompile Include="vendor\imgui\imgui_widgets.cpp">
      <Filter>vendor\imgui</Filter>
    </ClCompile>
  </ItemGroup>
</Project>